// !$*UTF8*$!
{
	archiveVersion = 1;
	classes = {
	};
	objectVersion = 48;
	objects = {

/* Begin PBXBuildFile section */
		19256A121EF43F370039F5A1 /* Locations.swift in Sources */ = {isa = PBXBuildFile; fileRef = 19256A111EF43F370039F5A1 /* Locations.swift */; };
		19ED1DFF1EF2F79900115737 /* AppDelegate.swift in Sources */ = {isa = PBXBuildFile; fileRef = 19ED1DFE1EF2F79900115737 /* AppDelegate.swift */; };
		19ED1E011EF2F79900115737 /* Scene.sks in Resources */ = {isa = PBXBuildFile; fileRef = 19ED1E001EF2F79900115737 /* Scene.sks */; };
		19ED1E031EF2F79900115737 /* Scene.swift in Sources */ = {isa = PBXBuildFile; fileRef = 19ED1E021EF2F79900115737 /* Scene.swift */; };
		19ED1E051EF2F79900115737 /* ViewController.swift in Sources */ = {isa = PBXBuildFile; fileRef = 19ED1E041EF2F79900115737 /* ViewController.swift */; };
		19ED1E081EF2F79900115737 /* Main.storyboard in Resources */ = {isa = PBXBuildFile; fileRef = 19ED1E061EF2F79900115737 /* Main.storyboard */; };
		19ED1E0A1EF2F79900115737 /* Assets.xcassets in Resources */ = {isa = PBXBuildFile; fileRef = 19ED1E091EF2F79900115737 /* Assets.xcassets */; };
		19ED1E0D1EF2F79900115737 /* LaunchScreen.storyboard in Resources */ = {isa = PBXBuildFile; fileRef = 19ED1E0B1EF2F79900115737 /* LaunchScreen.storyboard */; };
/* End PBXBuildFile section */

/* Begin PBXFileReference section */
		19256A111EF43F370039F5A1 /* Locations.swift */ = {isa = PBXFileReference; lastKnownFileType = sourcecode.swift; path = Locations.swift; sourceTree = "<group>"; };
		19ED1DFB1EF2F79900115737 /* ARRainCat.app */ = {isa = PBXFileReference; explicitFileType = wrapper.application; includeInIndex = 0; path = ARRainCat.app; sourceTree = BUILT_PRODUCTS_DIR; };
		19ED1DFE1EF2F79900115737 /* AppDelegate.swift */ = {isa = PBXFileReference; lastKnownFileType = sourcecode.swift; path = AppDelegate.swift; sourceTree = "<group>"; };
		19ED1E001EF2F79900115737 /* Scene.sks */ = {isa = PBXFileReference; lastKnownFileType = file.sks; path = Scene.sks; sourceTree = "<group>"; };
		19ED1E021EF2F79900115737 /* Scene.swift */ = {isa = PBXFileReference; lastKnownFileType = sourcecode.swift; path = Scene.swift; sourceTree = "<group>"; };
		19ED1E041EF2F79900115737 /* ViewController.swift */ = {isa = PBXFileReference; lastKnownFileType = sourcecode.swift; path = ViewController.swift; sourceTree = "<group>"; };
		19ED1E071EF2F79900115737 /* Base */ = {isa = PBXFileReference; lastKnownFileType = file.storyboard; name = Base; path = Base.lproj/Main.storyboard; sourceTree = "<group>"; };
		19ED1E091EF2F79900115737 /* Assets.xcassets */ = {isa = PBXFileReference; lastKnownFileType = folder.assetcatalog; path = Assets.xcassets; sourceTree = "<group>"; };
		19ED1E0C1EF2F79900115737 /* Base */ = {isa = PBXFileReference; lastKnownFileType = file.storyboard; name = Base; path = Base.lproj/LaunchScreen.storyboard; sourceTree = "<group>"; };
		19ED1E0E1EF2F79900115737 /* Info.plist */ = {isa = PBXFileReference; lastKnownFileType = text.plist.xml; path = Info.plist; sourceTree = "<group>"; };
/* End PBXFileReference section */

/* Begin PBXFrameworksBuildPhase section */
		19ED1DF81EF2F79900115737 /* Frameworks */ = {
			isa = PBXFrameworksBuildPhase;
			buildActionMask = 2147483647;
			files = (
			);
			runOnlyForDeploymentPostprocessing = 0;
		};
/* End PBXFrameworksBuildPhase section */

/* Begin PBXGroup section */
		19ED1DF21EF2F79900115737 = {
			isa = PBXGroup;
			children = (
				19ED1DFD1EF2F79900115737 /* ARRainCat */,
				19ED1DFC1EF2F79900115737 /* Products */,
			);
			sourceTree = "<group>";
		};
		19ED1DFC1EF2F79900115737 /* Products */ = {
			isa = PBXGroup;
			children = (
				19ED1DFB1EF2F79900115737 /* ARRainCat.app */,
			);
			name = Products;
			sourceTree = "<group>";
		};
		19ED1DFD1EF2F79900115737 /* ARRainCat */ = {
			isa = PBXGroup;
			children = (
				19ED1DFE1EF2F79900115737 /* AppDelegate.swift */,
				19ED1E001EF2F79900115737 /* Scene.sks */,
				19ED1E021EF2F79900115737 /* Scene.swift */,
				19ED1E041EF2F79900115737 /* ViewController.swift */,
				19ED1E061EF2F79900115737 /* Main.storyboard */,
				19ED1E091EF2F79900115737 /* Assets.xcassets */,
				19ED1E0B1EF2F79900115737 /* LaunchScreen.storyboard */,
				19ED1E0E1EF2F79900115737 /* Info.plist */,
				19256A111EF43F370039F5A1 /* Locations.swift */,
			);
			path = ARRainCat;
			sourceTree = "<group>";
		};
/* End PBXGroup section */

/* Begin PBXNativeTarget section */
		19ED1DFA1EF2F79900115737 /* ARRainCat */ = {
			isa = PBXNativeTarget;
			buildConfigurationList = 19ED1E111EF2F79900115737 /* Build configuration list for PBXNativeTarget "ARRainCat" */;
			buildPhases = (
				19ED1DF71EF2F79900115737 /* Sources */,
				19ED1DF81EF2F79900115737 /* Frameworks */,
				19ED1DF91EF2F79900115737 /* Resources */,
			);
			buildRules = (
			);
			dependencies = (
			);
			name = ARRainCat;
			productName = ARRainCat;
			productReference = 19ED1DFB1EF2F79900115737 /* ARRainCat.app */;
			productType = "com.apple.product-type.application";
		};
/* End PBXNativeTarget section */

/* Begin PBXProject section */
		19ED1DF31EF2F79900115737 /* Project object */ = {
			isa = PBXProject;
			attributes = {
				LastSwiftUpdateCheck = 0900;
				LastUpgradeCheck = 0900;
				ORGANIZATIONNAME = "Actionman Inc.";
				TargetAttributes = {
					19ED1DFA1EF2F79900115737 = {
						CreatedOnToolsVersion = 9.0;
					};
				};
			};
			buildConfigurationList = 19ED1DF61EF2F79900115737 /* Build configuration list for PBXProject "ARRainCat" */;
			compatibilityVersion = "Xcode 8.0";
			developmentRegion = en;
			hasScannedForEncodings = 0;
			knownRegions = (
				en,
				Base,
			);
			mainGroup = 19ED1DF21EF2F79900115737;
			productRefGroup = 19ED1DFC1EF2F79900115737 /* Products */;
			projectDirPath = "";
			projectRoot = "";
			targets = (
				19ED1DFA1EF2F79900115737 /* ARRainCat */,
			);
		};
/* End PBXProject section */

/* Begin PBXResourcesBuildPhase section */
		19ED1DF91EF2F79900115737 /* Resources */ = {
			isa = PBXResourcesBuildPhase;
			buildActionMask = 2147483647;
			files = (
				19ED1E011EF2F79900115737 /* Scene.sks in Resources */,
				19ED1E0D1EF2F79900115737 /* LaunchScreen.storyboard in Resources */,
				19ED1E0A1EF2F79900115737 /* Assets.xcassets in Resources */,
				19ED1E081EF2F79900115737 /* Main.storyboard in Resources */,
			);
			runOnlyForDeploymentPostprocessing = 0;
		};
/* End PBXResourcesBuildPhase section */

/* Begin PBXSourcesBuildPhase section */
		19ED1DF71EF2F79900115737 /* Sources */ = {
			isa = PBXSourcesBuildPhase;
			buildActionMask = 2147483647;
			files = (
				19ED1E051EF2F79900115737 /* ViewController.swift in Sources */,
				19ED1E031EF2F79900115737 /* Scene.swift in Sources */,
				19256A121EF43F370039F5A1 /* Locations.swift in Sources */,
				19ED1DFF1EF2F79900115737 /* AppDelegate.swift in Sources */,
			);
			runOnlyForDeploymentPostprocessing = 0;
		};
/* End PBXSourcesBuildPhase section */

/* Begin PBXVariantGroup section */
		19ED1E061EF2F79900115737 /* Main.storyboard */ = {
			isa = PBXVariantGroup;
			children = (
				19ED1E071EF2F79900115737 /* Base */,
			);
			name = Main.storyboard;
			sourceTree = "<group>";
		};
		19ED1E0B1EF2F79900115737 /* LaunchScreen.storyboard */ = {
			isa = PBXVariantGroup;
			children = (
				19ED1E0C1EF2F79900115737 /* Base */,
			);
			name = LaunchScreen.storyboard;
			sourceTree = "<group>";
		};
/* End PBXVariantGroup section */

/* Begin XCBuildConfiguration section */
		19ED1E0F1EF2F79900115737 /* Debug */ = {
			isa = XCBuildConfiguration;
			buildSettings = {
				ALWAYS_SEARCH_USER_PATHS = NO;
				CLANG_ANALYZER_NONNULL = YES;
				CLANG_ANALYZER_NUMBER_OBJECT_CONVERSION = YES_AGGRESSIVE;
				CLANG_CXX_LANGUAGE_STANDARD = "gnu++14";
				CLANG_CXX_LIBRARY = "libc++";
				CLANG_ENABLE_MODULES = YES;
				CLANG_ENABLE_OBJC_ARC = YES;
				CLANG_WARN_BLOCK_CAPTURE_AUTORELEASING = YES;
				CLANG_WARN_BOOL_CONVERSION = YES;
				CLANG_WARN_COMMA = YES;
				CLANG_WARN_CONSTANT_CONVERSION = YES;
				CLANG_WARN_DIRECT_OBJC_ISA_USAGE = YES_ERROR;
				CLANG_WARN_DOCUMENTATION_COMMENTS = YES;
				CLANG_WARN_EMPTY_BODY = YES;
				CLANG_WARN_ENUM_CONVERSION = YES;
				CLANG_WARN_INFINITE_RECURSION = YES;
				CLANG_WARN_INT_CONVERSION = YES;
				CLANG_WARN_NON_LITERAL_NULL_CONVERSION = YES;
				CLANG_WARN_OBJC_LITERAL_CONVERSION = YES;
				CLANG_WARN_OBJC_ROOT_CLASS = YES_ERROR;
				CLANG_WARN_RANGE_LOOP_ANALYSIS = YES;
				CLANG_WARN_STRICT_PROTOTYPES = YES;
				CLANG_WARN_SUSPICIOUS_MOVE = YES;
				CLANG_WARN_UNGUARDED_AVAILABILITY = YES_AGGRESSIVE;
				CLANG_WARN_UNREACHABLE_CODE = YES;
				CLANG_WARN__DUPLICATE_METHOD_MATCH = YES;
				CODE_SIGN_IDENTITY = "iPhone Developer";
				COPY_PHASE_STRIP = NO;
				DEBUG_INFORMATION_FORMAT = dwarf;
				ENABLE_STRICT_OBJC_MSGSEND = YES;
				ENABLE_TESTABILITY = YES;
				GCC_C_LANGUAGE_STANDARD = gnu11;
				GCC_DYNAMIC_NO_PIC = NO;
				GCC_NO_COMMON_BLOCKS = YES;
				GCC_OPTIMIZATION_LEVEL = 0;
				GCC_PREPROCESSOR_DEFINITIONS = (
					"DEBUG=1",
					"$(inherited)",
				);
				GCC_WARN_64_TO_32_BIT_CONVERSION = YES;
				GCC_WARN_ABOUT_RETURN_TYPE = YES_ERROR;
				GCC_WARN_UNDECLARED_SELECTOR = YES;
				GCC_WARN_UNINITIALIZED_AUTOS = YES_AGGRESSIVE;
				GCC_WARN_UNUSED_FUNCTION = YES;
				GCC_WARN_UNUSED_VARIABLE = YES;
				IPHONEOS_DEPLOYMENT_TARGET = 11.0;
				MTL_ENABLE_DEBUG_INFO = YES;
				ONLY_ACTIVE_ARCH = YES;
				SDKROOT = iphoneos;
				SWIFT_ACTIVE_COMPILATION_CONDITIONS = DEBUG;
				SWIFT_OPTIMIZATION_LEVEL = "-Onone";
			};
			name = Debug;
		};
		19ED1E101EF2F79900115737 /* Release */ = {
			isa = XCBuildConfiguration;
			buildSettings = {
				ALWAYS_SEARCH_USER_PATHS = NO;
				CLANG_ANALYZER_NONNULL = YES;
				CLANG_ANALYZER_NUMBER_OBJECT_CONVERSION = YES_AGGRESSIVE;
				CLANG_CXX_LANGUAGE_STANDARD = "gnu++14";
				CLANG_CXX_LIBRARY = "libc++";
				CLANG_ENABLE_MODULES = YES;
				CLANG_ENABLE_OBJC_ARC = YES;
				CLANG_WARN_BLOCK_CAPTURE_AUTORELEASING = YES;
				CLANG_WARN_BOOL_CONVERSION = YES;
				CLANG_WARN_COMMA = YES;
				CLANG_WARN_CONSTANT_CONVERSION = YES;
				CLANG_WARN_DIRECT_OBJC_ISA_USAGE = YES_ERROR;
				CLANG_WARN_DOCUMENTATION_COMMENTS = YES;
				CLANG_WARN_EMPTY_BODY = YES;
				CLANG_WARN_ENUM_CONVERSION = YES;
				CLANG_WARN_INFINITE_RECURSION = YES;
				CLANG_WARN_INT_CONVERSION = YES;
				CLANG_WARN_NON_LITERAL_NULL_CONVERSION = YES;
				CLANG_WARN_OBJC_LITERAL_CONVERSION = YES;
				CLANG_WARN_OBJC_ROOT_CLASS = YES_ERROR;
				CLANG_WARN_RANGE_LOOP_ANALYSIS = YES;
				CLANG_WARN_STRICT_PROTOTYPES = YES;
				CLANG_WARN_SUSPICIOUS_MOVE = YES;
				CLANG_WARN_UNGUARDED_AVAILABILITY = YES_AGGRESSIVE;
				CLANG_WARN_UNREACHABLE_CODE = YES;
				CLANG_WARN__DUPLICATE_METHOD_MATCH = YES;
				CODE_SIGN_IDENTITY = "iPhone Developer";
				COPY_PHASE_STRIP = NO;
				DEBUG_INFORMATION_FORMAT = "dwarf-with-dsym";
				ENABLE_NS_ASSERTIONS = NO;
				ENABLE_STRICT_OBJC_MSGSEND = YES;
				GCC_C_LANGUAGE_STANDARD = gnu11;
				GCC_NO_COMMON_BLOCKS = YES;
				GCC_WARN_64_TO_32_BIT_CONVERSION = YES;
				GCC_WARN_ABOUT_RETURN_TYPE = YES_ERROR;
				GCC_WARN_UNDECLARED_SELECTOR = YES;
				GCC_WARN_UNINITIALIZED_AUTOS = YES_AGGRESSIVE;
				GCC_WARN_UNUSED_FUNCTION = YES;
				GCC_WARN_UNUSED_VARIABLE = YES;
				IPHONEOS_DEPLOYMENT_TARGET = 11.0;
				MTL_ENABLE_DEBUG_INFO = NO;
				SDKROOT = iphoneos;
				SWIFT_OPTIMIZATION_LEVEL = "-Owholemodule";
				VALIDATE_PRODUCT = YES;
			};
			name = Release;
		};
		19ED1E121EF2F79900115737 /* Debug */ = {
			isa = XCBuildConfiguration;
			buildSettings = {
				ASSETCATALOG_COMPILER_APPICON_NAME = AppIcon;
				DEVELOPMENT_TEAM = VRYW4TD62Q;
				INFOPLIST_FILE = ARRainCat/Info.plist;
				LD_RUNPATH_SEARCH_PATHS = "$(inherited) @executable_path/Frameworks";
				PRODUCT_BUNDLE_IDENTIFIER = com.actionman.ARRainCat;
				PRODUCT_NAME = "$(TARGET_NAME)";
				SWIFT_VERSION = 4.0;
				TARGETED_DEVICE_FAMILY = "1,2";
			};
			name = Debug;
		};
		19ED1E131EF2F79900115737 /* Release */ = {
			isa = XCBuildConfiguration;
			buildSettings = {
				ASSETCATALOG_COMPILER_APPICON_NAME = AppIcon;
				DEVELOPMENT_TEAM = VRYW4TD62Q;
				INFOPLIST_FILE = ARRainCat/Info.plist;
				LD_RUNPATH_SEARCH_PATHS = "$(inherited) @executable_path/Frameworks";
				PRODUCT_BUNDLE_IDENTIFIER = com.actionman.ARRainCat;
				PRODUCT_NAME = "$(TARGET_NAME)";
				SWIFT_VERSION = 4.0;
				TARGETED_DEVICE_FAMILY = "1,2";
			};
			name = Release;
		};
/* End XCBuildConfiguration section */

/* Begin XCConfigurationList section */
		19ED1DF61EF2F79900115737 /* Build configuration list for PBXProject "ARRainCat" */ = {
			isa = XCConfigurationList;
			buildConfigurations = (
				19ED1E0F1EF2F79900115737 /* Debug */,
				19ED1E101EF2F79900115737 /* Release */,
			);
			defaultConfigurationIsVisible = 0;
			defaultConfigurationName = Release;
		};
		19ED1E111EF2F79900115737 /* Build configuration list for PBXNativeTarget "ARRainCat" */ = {
			isa = XCConfigurationList;
			buildConfigurations = (
				19ED1E121EF2F79900115737 /* Debug */,
				19ED1E131EF2F79900115737 /* Release */,
			);
			defaultConfigurationIsVisible = 0;
			defaultConfigurationName = Release;
		};
/* End XCConfigurationList section */
	};
	rootObject = 19ED1DF31EF2F79900115737 /* Project object */;
}
